
Microsoft Visual Studio Solution File, Format Version 12.00
Project("{FAE04EC0-301F-11D3-BF4B-00C04F79EFBC}") = "WebApplication1", "WebApplication1\WebApplication1.csproj", "{38BC5586-6F6C-4DEB-BE1C-AEAD7248C002}"
EndProject
Global
	GlobalSection(SolutionConfigurationPlatforms) = preSolution
		Debug|Any CPU = Debug|Any CPU
		Release|Any CPU = Release|Any CPU
	EndGlobalSection
	GlobalSection(ProjectConfigurationPlatforms) = postSolution
		{38BC5586-6F6C-4DEB-BE1C-AEAD7248C002}.Debug|Any CPU.ActiveCfg = Debug|Any CPU
		{38BC5586-6F6C-4DEB-BE1C-AEAD7248C002}.Debug|Any CPU.Build.0 = Debug|Any CPU
		{38BC5586-6F6C-4DEB-BE1C-AEAD7248C002}.Release|Any CPU.ActiveCfg = Release|Any CPU
		{38BC5586-6F6C-4DEB-BE1C-AEAD7248C002}.Release|Any CPU.Build.0 = Release|Any CPU
	EndGlobalSection
EndGlobal
